// !$*UTF8*$!
{
	archiveVersion = 1;
	classes = {
	};
	objectVersion = 56;
	objects = {

/* Begin PBXBuildFile section */
		CD894B492BD7130100B13FAD /* AppDelegate.swift in Sources */ = {isa = PBXBuildFile; fileRef = CD894B482BD7130100B13FAD /* AppDelegate.swift */; };
		CD894B4B2BD7130100B13FAD /* SceneDelegate.swift in Sources */ = {isa = PBXBuildFile; fileRef = CD894B4A2BD7130100B13FAD /* SceneDelegate.swift */; };
		CD894B4D2BD7130100B13FAD /* ViewController.swift in Sources */ = {isa = PBXBuildFile; fileRef = CD894B4C2BD7130100B13FAD /* ViewController.swift */; };
		CD894B502BD7130100B13FAD /* Base in Resources */ = {isa = PBXBuildFile; fileRef = CD894B4F2BD7130100B13FAD /* Base */; };
		CD894B522BD7130300B13FAD /* Assets.xcassets in Resources */ = {isa = PBXBuildFile; fileRef = CD894B512BD7130300B13FAD /* Assets.xcassets */; };
		CD894B552BD7130300B13FAD /* Base in Resources */ = {isa = PBXBuildFile; fileRef = CD894B542BD7130300B13FAD /* Base */; };
		CD894B602BD7130400B13FAD /* iKidTests.swift in Sources */ = {isa = PBXBuildFile; fileRef = CD894B5F2BD7130400B13FAD /* iKidTests.swift */; };
		CD894B6A2BD7130400B13FAD /* iKidUITests.swift in Sources */ = {isa = PBXBuildFile; fileRef = CD894B692BD7130400B13FAD /* iKidUITests.swift */; };
		CD894B6C2BD7130400B13FAD /* iKidUITestsLaunchTests.swift in Sources */ = {isa = PBXBuildFile; fileRef = CD894B6B2BD7130400B13FAD /* iKidUITestsLaunchTests.swift */; };
		CD894B792BD7166D00B13FAD /* TabBarController.swift in Sources */ = {isa = PBXBuildFile; fileRef = CD894B782BD7166D00B13FAD /* TabBarController.swift */; };
		CD894B7B2BD716E600B13FAD /* Joke.swift in Sources */ = {isa = PBXBuildFile; fileRef = CD894B7A2BD716E600B13FAD /* Joke.swift */; };
		CD894B7D2BD716F800B13FAD /* JokeViewController.swift in Sources */ = {isa = PBXBuildFile; fileRef = CD894B7C2BD716F800B13FAD /* JokeViewController.swift */; };
/* End PBXBuildFile section */

/* Begin PBXContainerItemProxy section */
		CD894B5C2BD7130400B13FAD /* PBXContainerItemProxy */ = {
			isa = PBXContainerItemProxy;
			containerPortal = CD894B3D2BD7130100B13FAD /* Project object */;
			proxyType = 1;
			remoteGlobalIDString = CD894B442BD7130100B13FAD;
			remoteInfo = iKid;
		};
		CD894B662BD7130400B13FAD /* PBXContainerItemProxy */ = {
			isa = PBXContainerItemProxy;
			containerPortal = CD894B3D2BD7130100B13FAD /* Project object */;
			proxyType = 1;
			remoteGlobalIDString = CD894B442BD7130100B13FAD;
			remoteInfo = iKid;
		};
/* End PBXContainerItemProxy section */

/* Begin PBXFileReference section */
		CD894B452BD7130100B13FAD /* iKid.app */ = {isa = PBXFileReference; explicitFileType = wrapper.application; includeInIndex = 0; path = iKid.app; sourceTree = BUILT_PRODUCTS_DIR; };
		CD894B482BD7130100B13FAD /* AppDelegate.swift */ = {isa = PBXFileReference; lastKnownFileType = sourcecode.swift; path = AppDelegate.swift; sourceTree = "<group>"; };
		CD894B4A2BD7130100B13FAD /* SceneDelegate.swift */ = {isa = PBXFileReference; lastKnownFileType = sourcecode.swift; path = SceneDelegate.swift; sourceTree = "<group>"; };
		CD894B4C2BD7130100B13FAD /* ViewController.swift */ = {isa = PBXFileReference; lastKnownFileType = sourcecode.swift; path = ViewController.swift; sourceTree = "<group>"; };
		CD894B4F2BD7130100B13FAD /* Base */ = {isa = PBXFileReference; lastKnownFileType = file.storyboard; name = Base; path = Base.lproj/Main.storyboard; sourceTree = "<group>"; };
		CD894B512BD7130300B13FAD /* Assets.xcassets */ = {isa = PBXFileReference; lastKnownFileType = folder.assetcatalog; path = Assets.xcassets; sourceTree = "<group>"; };
		CD894B542BD7130300B13FAD /* Base */ = {isa = PBXFileReference; lastKnownFileType = file.storyboard; name = Base; path = Base.lproj/LaunchScreen.storyboard; sourceTree = "<group>"; };
		CD894B562BD7130300B13FAD /* Info.plist */ = {isa = PBXFileReference; lastKnownFileType = text.plist.xml; path = Info.plist; sourceTree = "<group>"; };
		CD894B5B2BD7130400B13FAD /* iKidTests.xctest */ = {isa = PBXFileReference; explicitFileType = wrapper.cfbundle; includeInIndex = 0; path = iKidTests.xctest; sourceTree = BUILT_PRODUCTS_DIR; };
		CD894B5F2BD7130400B13FAD /* iKidTests.swift */ = {isa = PBXFileReference; lastKnownFileType = sourcecode.swift; path = iKidTests.swift; sourceTree = "<group>"; };
		CD894B652BD7130400B13FAD /* iKidUITests.xctest */ = {isa = PBXFileReference; explicitFileType = wrapper.cfbundle; includeInIndex = 0; path = iKidUITests.xctest; sourceTree = BUILT_PRODUCTS_DIR; };
		CD894B692BD7130400B13FAD /* iKidUITests.swift */ = {isa = PBXFileReference; lastKnownFileType = sourcecode.swift; path = iKidUITests.swift; sourceTree = "<group>"; };
		CD894B6B2BD7130400B13FAD /* iKidUITestsLaunchTests.swift */ = {isa = PBXFileReference; lastKnownFileType = sourcecode.swift; path = iKidUITestsLaunchTests.swift; sourceTree = "<group>"; };
		CD894B782BD7166D00B13FAD /* TabBarController.swift */ = {isa = PBXFileReference; lastKnownFileType = sourcecode.swift; path = TabBarController.swift; sourceTree = "<group>"; };
		CD894B7A2BD716E600B13FAD /* Joke.swift */ = {isa = PBXFileReference; lastKnownFileType = sourcecode.swift; path = Joke.swift; sourceTree = "<group>"; };
		CD894B7C2BD716F800B13FAD /* JokeViewController.swift */ = {isa = PBXFileReference; lastKnownFileType = sourcecode.swift; path = JokeViewController.swift; sourceTree = "<group>"; };
/* End PBXFileReference section */

/* Begin PBXFrameworksBuildPhase section */
		CD894B422BD7130100B13FAD /* Frameworks */ = {
			isa = PBXFrameworksBuildPhase;
			buildActionMask = 2147483647;
			files = (
			);
			runOnlyForDeploymentPostprocessing = 0;
		};
		CD894B582BD7130400B13FAD /* Frameworks */ = {
			isa = PBXFrameworksBuildPhase;
			buildActionMask = 2147483647;
			files = (
			);
			runOnlyForDeploymentPostprocessing = 0;
		};
		CD894B622BD7130400B13FAD /* Frameworks */ = {
			isa = PBXFrameworksBuildPhase;
			buildActionMask = 2147483647;
			files = (
			);
			runOnlyForDeploymentPostprocessing = 0;
		};
/* End PBXFrameworksBuildPhase section */

/* Begin PBXGroup section */
		CD894B3C2BD7130100B13FAD = {
			isa = PBXGroup;
			children = (
				CD894B472BD7130100B13FAD /* iKid */,
				CD894B5E2BD7130400B13FAD /* iKidTests */,
				CD894B682BD7130400B13FAD /* iKidUITests */,
				CD894B462BD7130100B13FAD /* Products */,
			);
			sourceTree = "<group>";
		};
		CD894B462BD7130100B13FAD /* Products */ = {
			isa = PBXGroup;
			children = (
				CD894B452BD7130100B13FAD /* iKid.app */,
				CD894B5B2BD7130400B13FAD /* iKidTests.xctest */,
				CD894B652BD7130400B13FAD /* iKidUITests.xctest */,
			);
			name = Products;
			sourceTree = "<group>";
		};
		CD894B472BD7130100B13FAD /* iKid */ = {
			isa = PBXGroup;
			children = (
				CD894B482BD7130100B13FAD /* AppDelegate.swift */,
				CD894B4A2BD7130100B13FAD /* SceneDelegate.swift */,
				CD894B4C2BD7130100B13FAD /* ViewController.swift */,
				CD894B7C2BD716F800B13FAD /* JokeViewController.swift */,
				CD894B782BD7166D00B13FAD /* TabBarController.swift */,
				CD894B4E2BD7130100B13FAD /* Main.storyboard */,
				CD894B7A2BD716E600B13FAD /* Joke.swift */,
				CD894B512BD7130300B13FAD /* Assets.xcassets */,
				CD894B532BD7130300B13FAD /* LaunchScreen.storyboard */,
				CD894B562BD7130300B13FAD /* Info.plist */,
			);
			path = iKid;
			sourceTree = "<group>";
		};
		CD894B5E2BD7130400B13FAD /* iKidTests */ = {
			isa = PBXGroup;
			children = (
				CD894B5F2BD7130400B13FAD /* iKidTests.swift */,
			);
			path = iKidTests;
			sourceTree = "<group>";
		};
		CD894B682BD7130400B13FAD /* iKidUITests */ = {
			isa = PBXGroup;
			children = (
				CD894B692BD7130400B13FAD /* iKidUITests.swift */,
				CD894B6B2BD7130400B13FAD /* iKidUITestsLaunchTests.swift */,
			);
			path = iKidUITests;
			sourceTree = "<group>";
		};
/* End PBXGroup section */

/* Begin PBXNativeTarget section */
		CD894B442BD7130100B13FAD /* iKid */ = {
			isa = PBXNativeTarget;
			buildConfigurationList = CD894B6F2BD7130400B13FAD /* Build configuration list for PBXNativeTarget "iKid" */;
			buildPhases = (
				CD894B412BD7130100B13FAD /* Sources */,
				CD894B422BD7130100B13FAD /* Frameworks */,
				CD894B432BD7130100B13FAD /* Resources */,
			);
			buildRules = (
			);
			dependencies = (
			);
			name = iKid;
			productName = iKid;
			productReference = CD894B452BD7130100B13FAD /* iKid.app */;
			productType = "com.apple.product-type.application";
		};
		CD894B5A2BD7130400B13FAD /* iKidTests */ = {
			isa = PBXNativeTarget;
			buildConfigurationList = CD894B722BD7130400B13FAD /* Build configuration list for PBXNativeTarget "iKidTests" */;
			buildPhases = (
				CD894B572BD7130400B13FAD /* Sources */,
				CD894B582BD7130400B13FAD /* Frameworks */,
				CD894B592BD7130400B13FAD /* Resources */,
			);
			buildRules = (
			);
			dependencies = (
				CD894B5D2BD7130400B13FAD /* PBXTargetDependency */,
			);
			name = iKidTests;
			productName = iKidTests;
			productReference = CD894B5B2BD7130400B13FAD /* iKidTests.xctest */;
			productType = "com.apple.product-type.bundle.unit-test";
		};
		CD894B642BD7130400B13FAD /* iKidUITests */ = {
			isa = PBXNativeTarget;
			buildConfigurationList = CD894B752BD7130400B13FAD /* Build configuration list for PBXNativeTarget "iKidUITests" */;
			buildPhases = (
				CD894B612BD7130400B13FAD /* Sources */,
				CD894B622BD7130400B13FAD /* Frameworks */,
				CD894B632BD7130400B13FAD /* Resources */,
			);
			buildRules = (
			);
			dependencies = (
				CD894B672BD7130400B13FAD /* PBXTargetDependency */,
			);
			name = iKidUITests;
			productName = iKidUITests;
			productReference = CD894B652BD7130400B13FAD /* iKidUITests.xctest */;
			productType = "com.apple.product-type.bundle.ui-testing";
		};
/* End PBXNativeTarget section */

/* Begin PBXProject section */
		CD894B3D2BD7130100B13FAD /* Project object */ = {
			isa = PBXProject;
			attributes = {
				BuildIndependentTargetsInParallel = 1;
				LastSwiftUpdateCheck = 1530;
				LastUpgradeCheck = 1530;
				TargetAttributes = {
					CD894B442BD7130100B13FAD = {
						CreatedOnToolsVersion = 15.3;
					};
					CD894B5A2BD7130400B13FAD = {
						CreatedOnToolsVersion = 15.3;
						TestTargetID = CD894B442BD7130100B13FAD;
					};
					CD894B642BD7130400B13FAD = {
						CreatedOnToolsVersion = 15.3;
						TestTargetID = CD894B442BD7130100B13FAD;
					};
				};
			};
			buildConfigurationList = CD894B402BD7130100B13FAD /* Build configuration list for PBXProject "iKid" */;
			compatibilityVersion = "Xcode 14.0";
			developmentRegion = en;
			hasScannedForEncodings = 0;
			knownRegions = (
				en,
				Base,
			);
			mainGroup = CD894B3C2BD7130100B13FAD;
			productRefGroup = CD894B462BD7130100B13FAD /* Products */;
			projectDirPath = "";
			projectRoot = "";
			targets = (
				CD894B442BD7130100B13FAD /* iKid */,
				CD894B5A2BD7130400B13FAD /* iKidTests */,
				CD894B642BD7130400B13FAD /* iKidUITests */,
			);
		};
/* End PBXProject section */

/* Begin PBXResourcesBuildPhase section */
		CD894B432BD7130100B13FAD /* Resources */ = {
			isa = PBXResourcesBuildPhase;
			buildActionMask = 2147483647;
			files = (
				CD894B522BD7130300B13FAD /* Assets.xcassets in Resources */,
				CD894B552BD7130300B13FAD /* Base in Resources */,
				CD894B502BD7130100B13FAD /* Base in Resources */,
			);
			runOnlyForDeploymentPostprocessing = 0;
		};
		CD894B592BD7130400B13FAD /* Resources */ = {
			isa = PBXResourcesBuildPhase;
			buildActionMask = 2147483647;
			files = (
			);
			runOnlyForDeploymentPostprocessing = 0;
		};
		CD894B632BD7130400B13FAD /* Resources */ = {
			isa = PBXResourcesBuildPhase;
			buildActionMask = 2147483647;
			files = (
			);
			runOnlyForDeploymentPostprocessing = 0;
		};
/* End PBXResourcesBuildPhase section */

/* Begin PBXSourcesBuildPhase section */
		CD894B412BD7130100B13FAD /* Sources */ = {
			isa = PBXSourcesBuildPhase;
			buildActionMask = 2147483647;
			files = (
				CD894B4D2BD7130100B13FAD /* ViewController.swift in Sources */,
				CD894B7B2BD716E600B13FAD /* Joke.swift in Sources */,
				CD894B792BD7166D00B13FAD /* TabBarController.swift in Sources */,
				CD894B492BD7130100B13FAD /* AppDelegate.swift in Sources */,
				CD894B4B2BD7130100B13FAD /* SceneDelegate.swift in Sources */,
				CD894B7D2BD716F800B13FAD /* JokeViewController.swift in Sources */,
			);
			runOnlyForDeploymentPostprocessing = 0;
		};
		CD894B572BD7130400B13FAD /* Sources */ = {
			isa = PBXSourcesBuildPhase;
			buildActionMask = 2147483647;
			files = (
				CD894B602BD7130400B13FAD /* iKidTests.swift in Sources */,
			);
			runOnlyForDeploymentPostprocessing = 0;
		};
		CD894B612BD7130400B13FAD /* Sources */ = {
			isa = PBXSourcesBuildPhase;
			buildActionMask = 2147483647;
			files = (
				CD894B6A2BD7130400B13FAD /* iKidUITests.swift in Sources */,
				CD894B6C2BD7130400B13FAD /* iKidUITestsLaunchTests.swift in Sources */,
			);
			runOnlyForDeploymentPostprocessing = 0;
		};
/* End PBXSourcesBuildPhase section */

/* Begin PBXTargetDependency section */
		CD894B5D2BD7130400B13FAD /* PBXTargetDependency */ = {
			isa = PBXTargetDependency;
			target = CD894B442BD7130100B13FAD /* iKid */;
			targetProxy = CD894B5C2BD7130400B13FAD /* PBXContainerItemProxy */;
		};
		CD894B672BD7130400B13FAD /* PBXTargetDependency */ = {
			isa = PBXTargetDependency;
			target = CD894B442BD7130100B13FAD /* iKid */;
			targetProxy = CD894B662BD7130400B13FAD /* PBXContainerItemProxy */;
		};
/* End PBXTargetDependency section */

/* Begin PBXVariantGroup section */
		CD894B4E2BD7130100B13FAD /* Main.storyboard */ = {
			isa = PBXVariantGroup;
			children = (
				CD894B4F2BD7130100B13FAD /* Base */,
			);
			name = Main.storyboard;
			sourceTree = "<group>";
		};
		CD894B532BD7130300B13FAD /* LaunchScreen.storyboard */ = {
			isa = PBXVariantGroup;
			children = (
				CD894B542BD7130300B13FAD /* Base */,
			);
			name = LaunchScreen.storyboard;
			sourceTree = "<group>";
		};
/* End PBXVariantGroup section */

/* Begin XCBuildConfiguration section */
		CD894B6D2BD7130400B13FAD /* Debug */ = {
			isa = XCBuildConfiguration;
			buildSettings = {
				ALWAYS_SEARCH_USER_PATHS = NO;
				ASSETCATALOG_COMPILER_GENERATE_SWIFT_ASSET_SYMBOL_EXTENSIONS = YES;
				CLANG_ANALYZER_NONNULL = YES;
				CLANG_ANALYZER_NUMBER_OBJECT_CONVERSION = YES_AGGRESSIVE;
				CLANG_CXX_LANGUAGE_STANDARD = "gnu++20";
				CLANG_ENABLE_MODULES = YES;
				CLANG_ENABLE_OBJC_ARC = YES;
				CLANG_ENABLE_OBJC_WEAK = YES;
				CLANG_WARN_BLOCK_CAPTURE_AUTORELEASING = YES;
				CLANG_WARN_BOOL_CONVERSION = YES;
				CLANG_WARN_COMMA = YES;
				CLANG_WARN_CONSTANT_CONVERSION = YES;
				CLANG_WARN_DEPRECATED_OBJC_IMPLEMENTATIONS = YES;
				CLANG_WARN_DIRECT_OBJC_ISA_USAGE = YES_ERROR;
				CLANG_WARN_DOCUMENTATION_COMMENTS = YES;
				CLANG_WARN_EMPTY_BODY = YES;
				CLANG_WARN_ENUM_CONVERSION = YES;
				CLANG_WARN_INFINITE_RECURSION = YES;
				CLANG_WARN_INT_CONVERSION = YES;
				CLANG_WARN_NON_LITERAL_NULL_CONVERSION = YES;
				CLANG_WARN_OBJC_IMPLICIT_RETAIN_SELF = YES;
				CLANG_WARN_OBJC_LITERAL_CONVERSION = YES;
				CLANG_WARN_OBJC_ROOT_CLASS = YES_ERROR;
				CLANG_WARN_QUOTED_INCLUDE_IN_FRAMEWORK_HEADER = YES;
				CLANG_WARN_RANGE_LOOP_ANALYSIS = YES;
				CLANG_WARN_STRICT_PROTOTYPES = YES;
				CLANG_WARN_SUSPICIOUS_MOVE = YES;
				CLANG_WARN_UNGUARDED_AVAILABILITY = YES_AGGRESSIVE;
				CLANG_WARN_UNREACHABLE_CODE = YES;
				CLANG_WARN__DUPLICATE_METHOD_MATCH = YES;
				COPY_PHASE_STRIP = NO;
				DEBUG_INFORMATION_FORMAT = dwarf;
				ENABLE_STRICT_OBJC_MSGSEND = YES;
				ENABLE_TESTABILITY = YES;
				ENABLE_USER_SCRIPT_SANDBOXING = YES;
				GCC_C_LANGUAGE_STANDARD = gnu17;
				GCC_DYNAMIC_NO_PIC = NO;
				GCC_NO_COMMON_BLOCKS = YES;
				GCC_OPTIMIZATION_LEVEL = 0;
				GCC_PREPROCESSOR_DEFINITIONS = (
					"DEBUG=1",
					"$(inherited)",
				);
				GCC_WARN_64_TO_32_BIT_CONVERSION = YES;
				GCC_WARN_ABOUT_RETURN_TYPE = YES_ERROR;
				GCC_WARN_UNDECLARED_SELECTOR = YES;
				GCC_WARN_UNINITIALIZED_AUTOS = YES_AGGRESSIVE;
				GCC_WARN_UNUSED_FUNCTION = YES;
				GCC_WARN_UNUSED_VARIABLE = YES;
				IPHONEOS_DEPLOYMENT_TARGET = 17.4;
				LOCALIZATION_PREFERS_STRING_CATALOGS = YES;
				MTL_ENABLE_DEBUG_INFO = INCLUDE_SOURCE;
				MTL_FAST_MATH = YES;
				ONLY_ACTIVE_ARCH = YES;
				SDKROOT = iphoneos;
				SWIFT_ACTIVE_COMPILATION_CONDITIONS = "DEBUG $(inherited)";
				SWIFT_OPTIMIZATION_LEVEL = "-Onone";
			};
			name = Debug;
		};
		CD894B6E2BD7130400B13FAD /* Release */ = {
			isa = XCBuildConfiguration;
			buildSettings = {
				ALWAYS_SEARCH_USER_PATHS = NO;
				ASSETCATALOG_COMPILER_GENERATE_SWIFT_ASSET_SYMBOL_EXTENSIONS = YES;
				CLANG_ANALYZER_NONNULL = YES;
				CLANG_ANALYZER_NUMBER_OBJECT_CONVERSION = YES_AGGRESSIVE;
				CLANG_CXX_LANGUAGE_STANDARD = "gnu++20";
				CLANG_ENABLE_MODULES = YES;
				CLANG_ENABLE_OBJC_ARC = YES;
				CLANG_ENABLE_OBJC_WEAK = YES;
				CLANG_WARN_BLOCK_CAPTURE_AUTORELEASING = YES;
				CLANG_WARN_BOOL_CONVERSION = YES;
				CLANG_WARN_COMMA = YES;
				CLANG_WARN_CONSTANT_CONVERSION = YES;
				CLANG_WARN_DEPRECATED_OBJC_IMPLEMENTATIONS = YES;
				CLANG_WARN_DIRECT_OBJC_ISA_USAGE = YES_ERROR;
				CLANG_WARN_DOCUMENTATION_COMMENTS = YES;
				CLANG_WARN_EMPTY_BODY = YES;
				CLANG_WARN_ENUM_CONVERSION = YES;
				CLANG_WARN_INFINITE_RECURSION = YES;
				CLANG_WARN_INT_CONVERSION = YES;
				CLANG_WARN_NON_LITERAL_NULL_CONVERSION = YES;
				CLANG_WARN_OBJC_IMPLICIT_RETAIN_SELF = YES;
				CLANG_WARN_OBJC_LITERAL_CONVERSION = YES;
				CLANG_WARN_OBJC_ROOT_CLASS = YES_ERROR;
				CLANG_WARN_QUOTED_INCLUDE_IN_FRAMEWORK_HEADER = YES;
				CLANG_WARN_RANGE_LOOP_ANALYSIS = YES;
				CLANG_WARN_STRICT_PROTOTYPES = YES;
				CLANG_WARN_SUSPICIOUS_MOVE = YES;
				CLANG_WARN_UNGUARDED_AVAILABILITY = YES_AGGRESSIVE;
				CLANG_WARN_UNREACHABLE_CODE = YES;
				CLANG_WARN__DUPLICATE_METHOD_MATCH = YES;
				COPY_PHASE_STRIP = NO;
				DEBUG_INFORMATION_FORMAT = "dwarf-with-dsym";
				ENABLE_NS_ASSERTIONS = NO;
				ENABLE_STRICT_OBJC_MSGSEND = YES;
				ENABLE_USER_SCRIPT_SANDBOXING = YES;
				GCC_C_LANGUAGE_STANDARD = gnu17;
				GCC_NO_COMMON_BLOCKS = YES;
				GCC_WARN_64_TO_32_BIT_CONVERSION = YES;
				GCC_WARN_ABOUT_RETURN_TYPE = YES_ERROR;
				GCC_WARN_UNDECLARED_SELECTOR = YES;
				GCC_WARN_UNINITIALIZED_AUTOS = YES_AGGRESSIVE;
				GCC_WARN_UNUSED_FUNCTION = YES;
				GCC_WARN_UNUSED_VARIABLE = YES;
				IPHONEOS_DEPLOYMENT_TARGET = 17.4;
				LOCALIZATION_PREFERS_STRING_CATALOGS = YES;
				MTL_ENABLE_DEBUG_INFO = NO;
				MTL_FAST_MATH = YES;
				SDKROOT = iphoneos;
				SWIFT_COMPILATION_MODE = wholemodule;
				VALIDATE_PRODUCT = YES;
			};
			name = Release;
		};
		CD894B702BD7130400B13FAD /* Debug */ = {
			isa = XCBuildConfiguration;
			buildSettings = {
				ASSETCATALOG_COMPILER_APPICON_NAME = AppIcon;
				ASSETCATALOG_COMPILER_GLOBAL_ACCENT_COLOR_NAME = AccentColor;
				CODE_SIGN_STYLE = Automatic;
				CURRENT_PROJECT_VERSION = 1;
				DEVELOPMENT_TEAM = 4X23K5MC7P;
				GENERATE_INFOPLIST_FILE = YES;
				INFOPLIST_FILE = iKid/Info.plist;
				INFOPLIST_KEY_CFBundleDisplayName = iKid;
				INFOPLIST_KEY_UIApplicationSupportsIndirectInputEvents = YES;
				INFOPLIST_KEY_UILaunchStoryboardName = LaunchScreen;
				INFOPLIST_KEY_UIMainStoryboardFile = Main;
				INFOPLIST_KEY_UISupportedInterfaceOrientations_iPad = "UIInterfaceOrientationPortrait UIInterfaceOrientationPortraitUpsideDown UIInterfaceOrientationLandscapeLeft UIInterfaceOrientationLandscapeRight";
				INFOPLIST_KEY_UISupportedInterfaceOrientations_iPhone = "UIInterfaceOrientationPortrait UIInterfaceOrientationLandscapeLeft UIInterfaceOrientationLandscapeRight";
				LD_RUNPATH_SEARCH_PATHS = (
					"$(inherited)",
					"@executable_path/Frameworks",
				);
				MARKETING_VERSION = 1.0;
				PRODUCT_BUNDLE_IDENTIFIER = edu.uw.ischool.haeun.iKid;
				PRODUCT_NAME = "$(TARGET_NAME)";
				SWIFT_EMIT_LOC_STRINGS = YES;
				SWIFT_VERSION = 5.0;
				TARGETED_DEVICE_FAMILY = "1,2";
			};
			name = Debug;
		};
		CD894B712BD7130400B13FAD /* Release */ = {
			isa = XCBuildConfiguration;
			buildSettings = {
				ASSETCATALOG_COMPILER_APPICON_NAME = AppIcon;
				ASSETCATALOG_COMPILER_GLOBAL_ACCENT_COLOR_NAME = AccentColor;
				CODE_SIGN_STYLE = Automatic;
				CURRENT_PROJECT_VERSION = 1;
				DEVELOPMENT_TEAM = 4X23K5MC7P;
				GENERATE_INFOPLIST_FILE = YES;
				INFOPLIST_FILE = iKid/Info.plist;
				INFOPLIST_KEY_CFBundleDisplayName = iKid;
				INFOPLIST_KEY_UIApplicationSupportsIndirectInputEvents = YES;
				INFOPLIST_KEY_UILaunchStoryboardName = LaunchScreen;
				INFOPLIST_KEY_UIMainStoryboardFile = Main;
				INFOPLIST_KEY_UISupportedInterfaceOrientations_iPad = "UIInterfaceOrientationPortrait UIInterfaceOrientationPortraitUpsideDown UIInterfaceOrientationLandscapeLeft UIInterfaceOrientationLandscapeRight";
				INFOPLIST_KEY_UISupportedInterfaceOrientations_iPhone = "UIInterfaceOrientationPortrait UIInterfaceOrientationLandscapeLeft UIInterfaceOrientationLandscapeRight";
				LD_RUNPATH_SEARCH_PATHS = (
					"$(inherited)",
					"@executable_path/Frameworks",
				);
				MARKETING_VERSION = 1.0;
				PRODUCT_BUNDLE_IDENTIFIER = edu.uw.ischool.haeun.iKid;
				PRODUCT_NAME = "$(TARGET_NAME)";
				SWIFT_EMIT_LOC_STRINGS = YES;
				SWIFT_VERSION = 5.0;
				TARGETED_DEVICE_FAMILY = "1,2";
			};
			name = Release;
		};
		CD894B732BD7130400B13FAD /* Debug */ = {
			isa = XCBuildConfiguration;
			buildSettings = {
				ALWAYS_EMBED_SWIFT_STANDARD_LIBRARIES = YES;
				BUNDLE_LOADER = "$(TEST_HOST)";
				CODE_SIGN_STYLE = Automatic;
				CURRENT_PROJECT_VERSION = 1;
				DEVELOPMENT_TEAM = 4X23K5MC7P;
				GENERATE_INFOPLIST_FILE = YES;
				IPHONEOS_DEPLOYMENT_TARGET = 17.4;
				MARKETING_VERSION = 1.0;
				PRODUCT_BUNDLE_IDENTIFIER = edu.uw.ischool.haeun.iKidTests;
				PRODUCT_NAME = "$(TARGET_NAME)";
				SWIFT_EMIT_LOC_STRINGS = NO;
				SWIFT_VERSION = 5.0;
				TARGETED_DEVICE_FAMILY = "1,2";
				TEST_HOST = "$(BUILT_PRODUCTS_DIR)/iKid.app/$(BUNDLE_EXECUTABLE_FOLDER_PATH)/iKid";
			};
			name = Debug;
		};
		CD894B742BD7130400B13FAD /* Release */ = {
			isa = XCBuildConfiguration;
			buildSettings = {
				ALWAYS_EMBED_SWIFT_STANDARD_LIBRARIES = YES;
				BUNDLE_LOADER = "$(TEST_HOST)";
				CODE_SIGN_STYLE = Automatic;
				CURRENT_PROJECT_VERSION = 1;
				DEVELOPMENT_TEAM = 4X23K5MC7P;
				GENERATE_INFOPLIST_FILE = YES;
				IPHONEOS_DEPLOYMENT_TARGET = 17.4;
				MARKETING_VERSION = 1.0;
				PRODUCT_BUNDLE_IDENTIFIER = edu.uw.ischool.haeun.iKidTests;
				PRODUCT_NAME = "$(TARGET_NAME)";
				SWIFT_EMIT_LOC_STRINGS = NO;
				SWIFT_VERSION = 5.0;
				TARGETED_DEVICE_FAMILY = "1,2";
				TEST_HOST = "$(BUILT_PRODUCTS_DIR)/iKid.app/$(BUNDLE_EXECUTABLE_FOLDER_PATH)/iKid";
			};
			name = Release;
		};
		CD894B762BD7130400B13FAD /* Debug */ = {
			isa = XCBuildConfiguration;
			buildSettings = {
				ALWAYS_EMBED_SWIFT_STANDARD_LIBRARIES = YES;
				CODE_SIGN_STYLE = Automatic;
				CURRENT_PROJECT_VERSION = 1;
				DEVELOPMENT_TEAM = 4X23K5MC7P;
				GENERATE_INFOPLIST_FILE = YES;
				MARKETING_VERSION = 1.0;
				PRODUCT_BUNDLE_IDENTIFIER = edu.uw.ischool.haeun.iKidUITests;
				PRODUCT_NAME = "$(TARGET_NAME)";
				SWIFT_EMIT_LOC_STRINGS = NO;
				SWIFT_VERSION = 5.0;
				TARGETED_DEVICE_FAMILY = "1,2";
				TEST_TARGET_NAME = iKid;
			};
			name = Debug;
		};
		CD894B772BD7130400B13FAD /* Release */ = {
			isa = XCBuildConfiguration;
			buildSettings = {
				ALWAYS_EMBED_SWIFT_STANDARD_LIBRARIES = YES;
				CODE_SIGN_STYLE = Automatic;
				CURRENT_PROJECT_VERSION = 1;
				DEVELOPMENT_TEAM = 4X23K5MC7P;
				GENERATE_INFOPLIST_FILE = YES;
				MARKETING_VERSION = 1.0;
				PRODUCT_BUNDLE_IDENTIFIER = edu.uw.ischool.haeun.iKidUITests;
				PRODUCT_NAME = "$(TARGET_NAME)";
				SWIFT_EMIT_LOC_STRINGS = NO;
				SWIFT_VERSION = 5.0;
				TARGETED_DEVICE_FAMILY = "1,2";
				TEST_TARGET_NAME = iKid;
			};
			name = Release;
		};
/* End XCBuildConfiguration section */

/* Begin XCConfigurationList section */
		CD894B402BD7130100B13FAD /* Build configuration list for PBXProject "iKid" */ = {
			isa = XCConfigurationList;
			buildConfigurations = (
				CD894B6D2BD7130400B13FAD /* Debug */,
				CD894B6E2BD7130400B13FAD /* Release */,
			);
			defaultConfigurationIsVisible = 0;
			defaultConfigurationName = Release;
		};
		CD894B6F2BD7130400B13FAD /* Build configuration list for PBXNativeTarget "iKid" */ = {
			isa = XCConfigurationList;
			buildConfigurations = (
				CD894B702BD7130400B13FAD /* Debug */,
				CD894B712BD7130400B13FAD /* Release */,
			);
			defaultConfigurationIsVisible = 0;
			defaultConfigurationName = Release;
		};
		CD894B722BD7130400B13FAD /* Build configuration list for PBXNativeTarget "iKidTests" */ = {
			isa = XCConfigurationList;
			buildConfigurations = (
				CD894B732BD7130400B13FAD /* Debug */,
				CD894B742BD7130400B13FAD /* Release */,
			);
			defaultConfigurationIsVisible = 0;
			defaultConfigurationName = Release;
		};
		CD894B752BD7130400B13FAD /* Build configuration list for PBXNativeTarget "iKidUITests" */ = {
			isa = XCConfigurationList;
			buildConfigurations = (
				CD894B762BD7130400B13FAD /* Debug */,
				CD894B772BD7130400B13FAD /* Release */,
			);
			defaultConfigurationIsVisible = 0;
			defaultConfigurationName = Release;
		};
/* End XCConfigurationList section */
	};
	rootObject = CD894B3D2BD7130100B13FAD /* Project object */;
}
